// !$*UTF8*$!
{
	archiveVersion = 1;
	classes = {
	};
	objectVersion = 48;
	objects = {

/* Begin PBXBuildFile section */
		3218F2A11F71D80300707EA9 /* Honda_Accord.json in Resources */ = {isa = PBXBuildFile; fileRef = 3218F29F1F71D80300707EA9 /* Honda_Accord.json */; };
		3218F2A21F71D80300707EA9 /* Honda.json in Resources */ = {isa = PBXBuildFile; fileRef = 3218F2A01F71D80300707EA9 /* Honda.json */; };
		3218F2A41F71D8F500707EA9 /* Models.swift in Sources */ = {isa = PBXBuildFile; fileRef = 3218F2A31F71D8F500707EA9 /* Models.swift */; };
		32A622801F71BF4A00B36D4E /* CarCell.swift in Sources */ = {isa = PBXBuildFile; fileRef = 32A6227E1F71BF4A00B36D4E /* CarCell.swift */; };
		32A622811F71BF4A00B36D4E /* CarCell.xib in Resources */ = {isa = PBXBuildFile; fileRef = 32A6227F1F71BF4A00B36D4E /* CarCell.xib */; };
		32A622831F71CC5C00B36D4E /* API.swift in Sources */ = {isa = PBXBuildFile; fileRef = 32A622821F71CC5C00B36D4E /* API.swift */; };
		32E1D1E41F71B87200FFEB0F /* AppDelegate.swift in Sources */ = {isa = PBXBuildFile; fileRef = 32E1D1E31F71B87200FFEB0F /* AppDelegate.swift */; };
		32E1D1E61F71B87200FFEB0F /* FindCarsViewController.swift in Sources */ = {isa = PBXBuildFile; fileRef = 32E1D1E51F71B87200FFEB0F /* FindCarsViewController.swift */; };
		32E1D1E81F71B87200FFEB0F /* FavoriteCarsViewConrtroller.swift in Sources */ = {isa = PBXBuildFile; fileRef = 32E1D1E71F71B87200FFEB0F /* FavoriteCarsViewConrtroller.swift */; };
		32E1D1EB1F71B87200FFEB0F /* Main.storyboard in Resources */ = {isa = PBXBuildFile; fileRef = 32E1D1E91F71B87200FFEB0F /* Main.storyboard */; };
		32E1D1ED1F71B87200FFEB0F /* Assets.xcassets in Resources */ = {isa = PBXBuildFile; fileRef = 32E1D1EC1F71B87200FFEB0F /* Assets.xcassets */; };
		32E1D1F01F71B87200FFEB0F /* LaunchScreen.storyboard in Resources */ = {isa = PBXBuildFile; fileRef = 32E1D1EE1F71B87200FFEB0F /* LaunchScreen.storyboard */; };
		32E1D1FB1F71B87300FFEB0F /* fairTests.swift in Sources */ = {isa = PBXBuildFile; fileRef = 32E1D1FA1F71B87300FFEB0F /* fairTests.swift */; };
		634E08590767ACAD75C345E2 /* Pods_fair.framework in Frameworks */ = {isa = PBXBuildFile; fileRef = 911BE0BA7D0E823F02AE806C /* Pods_fair.framework */; };
		FACD0D8EB39CC893F200BA4C /* Pods_fairTests.framework in Frameworks */ = {isa = PBXBuildFile; fileRef = D913E51D379B8A3381567E55 /* Pods_fairTests.framework */; };
/* End PBXBuildFile section */

/* Begin PBXContainerItemProxy section */
		32E1D1F71F71B87300FFEB0F /* PBXContainerItemProxy */ = {
			isa = PBXContainerItemProxy;
			containerPortal = 32E1D1D81F71B87200FFEB0F /* Project object */;
			proxyType = 1;
			remoteGlobalIDString = 32E1D1DF1F71B87200FFEB0F;
			remoteInfo = fair;
		};
/* End PBXContainerItemProxy section */

/* Begin PBXFileReference section */
		30EB70FBBD62053D638AF0DD /* Pods-fairTests.release.xcconfig */ = {isa = PBXFileReference; includeInIndex = 1; lastKnownFileType = text.xcconfig; name = "Pods-fairTests.release.xcconfig"; path = "Pods/Target Support Files/Pods-fairTests/Pods-fairTests.release.xcconfig"; sourceTree = "<group>"; };
		3218F29F1F71D80300707EA9 /* Honda_Accord.json */ = {isa = PBXFileReference; fileEncoding = 4; lastKnownFileType = text.json; path = Honda_Accord.json; sourceTree = "<group>"; };
		3218F2A01F71D80300707EA9 /* Honda.json */ = {isa = PBXFileReference; fileEncoding = 4; lastKnownFileType = text.json; path = Honda.json; sourceTree = "<group>"; };
		3218F2A31F71D8F500707EA9 /* Models.swift */ = {isa = PBXFileReference; lastKnownFileType = sourcecode.swift; path = Models.swift; sourceTree = "<group>"; };
		32A6227E1F71BF4A00B36D4E /* CarCell.swift */ = {isa = PBXFileReference; lastKnownFileType = sourcecode.swift; path = CarCell.swift; sourceTree = SOURCE_ROOT; };
		32A6227F1F71BF4A00B36D4E /* CarCell.xib */ = {isa = PBXFileReference; lastKnownFileType = file.xib; path = CarCell.xib; sourceTree = SOURCE_ROOT; };
		32A622821F71CC5C00B36D4E /* API.swift */ = {isa = PBXFileReference; lastKnownFileType = sourcecode.swift; path = API.swift; sourceTree = "<group>"; };
		32E1D1E01F71B87200FFEB0F /* fair.app */ = {isa = PBXFileReference; explicitFileType = wrapper.application; includeInIndex = 0; path = fair.app; sourceTree = BUILT_PRODUCTS_DIR; };
		32E1D1E31F71B87200FFEB0F /* AppDelegate.swift */ = {isa = PBXFileReference; lastKnownFileType = sourcecode.swift; path = AppDelegate.swift; sourceTree = "<group>"; };
		32E1D1E51F71B87200FFEB0F /* FindCarsViewController.swift */ = {isa = PBXFileReference; lastKnownFileType = sourcecode.swift; path = FindCarsViewController.swift; sourceTree = "<group>"; };
		32E1D1E71F71B87200FFEB0F /* FavoriteCarsViewConrtroller.swift */ = {isa = PBXFileReference; lastKnownFileType = sourcecode.swift; path = FavoriteCarsViewConrtroller.swift; sourceTree = "<group>"; };
		32E1D1EA1F71B87200FFEB0F /* Base */ = {isa = PBXFileReference; lastKnownFileType = file.storyboard; name = Base; path = Base.lproj/Main.storyboard; sourceTree = "<group>"; };
		32E1D1EC1F71B87200FFEB0F /* Assets.xcassets */ = {isa = PBXFileReference; lastKnownFileType = folder.assetcatalog; path = Assets.xcassets; sourceTree = "<group>"; };
		32E1D1EF1F71B87200FFEB0F /* Base */ = {isa = PBXFileReference; lastKnownFileType = file.storyboard; name = Base; path = Base.lproj/LaunchScreen.storyboard; sourceTree = "<group>"; };
		32E1D1F11F71B87200FFEB0F /* Info.plist */ = {isa = PBXFileReference; lastKnownFileType = text.plist.xml; path = Info.plist; sourceTree = "<group>"; };
		32E1D1F61F71B87300FFEB0F /* fairTests.xctest */ = {isa = PBXFileReference; explicitFileType = wrapper.cfbundle; includeInIndex = 0; path = fairTests.xctest; sourceTree = BUILT_PRODUCTS_DIR; };
		32E1D1FA1F71B87300FFEB0F /* fairTests.swift */ = {isa = PBXFileReference; lastKnownFileType = sourcecode.swift; path = fairTests.swift; sourceTree = "<group>"; };
		32E1D1FC1F71B87300FFEB0F /* Info.plist */ = {isa = PBXFileReference; lastKnownFileType = text.plist.xml; path = Info.plist; sourceTree = "<group>"; };
		911BE0BA7D0E823F02AE806C /* Pods_fair.framework */ = {isa = PBXFileReference; explicitFileType = wrapper.framework; includeInIndex = 0; path = Pods_fair.framework; sourceTree = BUILT_PRODUCTS_DIR; };
		A362C29FE114CDC7FFC09713 /* Pods-fair.debug.xcconfig */ = {isa = PBXFileReference; includeInIndex = 1; lastKnownFileType = text.xcconfig; name = "Pods-fair.debug.xcconfig"; path = "Pods/Target Support Files/Pods-fair/Pods-fair.debug.xcconfig"; sourceTree = "<group>"; };
		D31DA8D33D0A69B2703B927D /* Pods-fair.release.xcconfig */ = {isa = PBXFileReference; includeInIndex = 1; lastKnownFileType = text.xcconfig; name = "Pods-fair.release.xcconfig"; path = "Pods/Target Support Files/Pods-fair/Pods-fair.release.xcconfig"; sourceTree = "<group>"; };
		D913E51D379B8A3381567E55 /* Pods_fairTests.framework */ = {isa = PBXFileReference; explicitFileType = wrapper.framework; includeInIndex = 0; path = Pods_fairTests.framework; sourceTree = BUILT_PRODUCTS_DIR; };
		EC466AEB3AA3F29C46E49408 /* Pods-fairTests.debug.xcconfig */ = {isa = PBXFileReference; includeInIndex = 1; lastKnownFileType = text.xcconfig; name = "Pods-fairTests.debug.xcconfig"; path = "Pods/Target Support Files/Pods-fairTests/Pods-fairTests.debug.xcconfig"; sourceTree = "<group>"; };
/* End PBXFileReference section */

/* Begin PBXFrameworksBuildPhase section */
		32E1D1DD1F71B87200FFEB0F /* Frameworks */ = {
			isa = PBXFrameworksBuildPhase;
			buildActionMask = 2147483647;
			files = (
				634E08590767ACAD75C345E2 /* Pods_fair.framework in Frameworks */,
			);
			runOnlyForDeploymentPostprocessing = 0;
		};
		32E1D1F31F71B87300FFEB0F /* Frameworks */ = {
			isa = PBXFrameworksBuildPhase;
			buildActionMask = 2147483647;
			files = (
				FACD0D8EB39CC893F200BA4C /* Pods_fairTests.framework in Frameworks */,
			);
			runOnlyForDeploymentPostprocessing = 0;
		};
/* End PBXFrameworksBuildPhase section */

/* Begin PBXGroup section */
		3218F2A51F71D8FB00707EA9 /* Data */ = {
			isa = PBXGroup;
			children = (
				32A622821F71CC5C00B36D4E /* API.swift */,
				3218F2A31F71D8F500707EA9 /* Models.swift */,
			);
			path = Data;
			sourceTree = "<group>";
		};
		32E1D1D71F71B87200FFEB0F = {
			isa = PBXGroup;
			children = (
				32E1D1E21F71B87200FFEB0F /* fair */,
				32E1D1F91F71B87300FFEB0F /* fairTests */,
				32E1D1E11F71B87200FFEB0F /* Products */,
				62DA19E968B5D6A106FACB24 /* Pods */,
				56EA359806DD7C8AE9786AC6 /* Frameworks */,
			);
			sourceTree = "<group>";
		};
		32E1D1E11F71B87200FFEB0F /* Products */ = {
			isa = PBXGroup;
			children = (
				32E1D1E01F71B87200FFEB0F /* fair.app */,
				32E1D1F61F71B87300FFEB0F /* fairTests.xctest */,
			);
			name = Products;
			sourceTree = "<group>";
		};
		32E1D1E21F71B87200FFEB0F /* fair */ = {
			isa = PBXGroup;
			children = (
				32E1D1E31F71B87200FFEB0F /* AppDelegate.swift */,
				32E1D1E51F71B87200FFEB0F /* FindCarsViewController.swift */,
				32E1D1E71F71B87200FFEB0F /* FavoriteCarsViewConrtroller.swift */,
				32E1D1E91F71B87200FFEB0F /* Main.storyboard */,
				32A6227E1F71BF4A00B36D4E /* CarCell.swift */,
				32A6227F1F71BF4A00B36D4E /* CarCell.xib */,
				3218F2A51F71D8FB00707EA9 /* Data */,
				32E1D1EC1F71B87200FFEB0F /* Assets.xcassets */,
				32E1D1EE1F71B87200FFEB0F /* LaunchScreen.storyboard */,
				32E1D1F11F71B87200FFEB0F /* Info.plist */,
			);
			path = fair;
			sourceTree = "<group>";
		};
		32E1D1F91F71B87300FFEB0F /* fairTests */ = {
			isa = PBXGroup;
			children = (
				32E1D1FA1F71B87300FFEB0F /* fairTests.swift */,
				3218F2A01F71D80300707EA9 /* Honda.json */,
				3218F29F1F71D80300707EA9 /* Honda_Accord.json */,
				32E1D1FC1F71B87300FFEB0F /* Info.plist */,
			);
			path = fairTests;
			sourceTree = "<group>";
		};
		56EA359806DD7C8AE9786AC6 /* Frameworks */ = {
			isa = PBXGroup;
			children = (
				911BE0BA7D0E823F02AE806C /* Pods_fair.framework */,
				D913E51D379B8A3381567E55 /* Pods_fairTests.framework */,
			);
			name = Frameworks;
			sourceTree = "<group>";
		};
		62DA19E968B5D6A106FACB24 /* Pods */ = {
			isa = PBXGroup;
			children = (
				A362C29FE114CDC7FFC09713 /* Pods-fair.debug.xcconfig */,
				D31DA8D33D0A69B2703B927D /* Pods-fair.release.xcconfig */,
				EC466AEB3AA3F29C46E49408 /* Pods-fairTests.debug.xcconfig */,
				30EB70FBBD62053D638AF0DD /* Pods-fairTests.release.xcconfig */,
			);
			name = Pods;
			sourceTree = "<group>";
		};
/* End PBXGroup section */

/* Begin PBXNativeTarget section */
		32E1D1DF1F71B87200FFEB0F /* fair */ = {
			isa = PBXNativeTarget;
			buildConfigurationList = 32E1D1FF1F71B87300FFEB0F /* Build configuration list for PBXNativeTarget "fair" */;
			buildPhases = (
				FC022C7F4918A4DE77828EF7 /* [CP] Check Pods Manifest.lock */,
				32E1D1DC1F71B87200FFEB0F /* Sources */,
				32E1D1DD1F71B87200FFEB0F /* Frameworks */,
				32E1D1DE1F71B87200FFEB0F /* Resources */,
				DF8B72EA519B4850399AB1A2 /* [CP] Embed Pods Frameworks */,
				5BC6F2F947A99E9A3CF74766 /* [CP] Copy Pods Resources */,
			);
			buildRules = (
			);
			dependencies = (
			);
			name = fair;
			productName = fair;
			productReference = 32E1D1E01F71B87200FFEB0F /* fair.app */;
			productType = "com.apple.product-type.application";
		};
		32E1D1F51F71B87300FFEB0F /* fairTests */ = {
			isa = PBXNativeTarget;
			buildConfigurationList = 32E1D2021F71B87300FFEB0F /* Build configuration list for PBXNativeTarget "fairTests" */;
			buildPhases = (
				8E131C361C77976F553EE825 /* [CP] Check Pods Manifest.lock */,
				32E1D1F21F71B87300FFEB0F /* Sources */,
				32E1D1F31F71B87300FFEB0F /* Frameworks */,
				32E1D1F41F71B87300FFEB0F /* Resources */,
				2C41C7E8942D2CE98A88767D /* [CP] Embed Pods Frameworks */,
				B46B5B34C50E3E034CC00488 /* [CP] Copy Pods Resources */,
			);
			buildRules = (
			);
			dependencies = (
				32E1D1F81F71B87300FFEB0F /* PBXTargetDependency */,
			);
			name = fairTests;
			productName = fairTests;
			productReference = 32E1D1F61F71B87300FFEB0F /* fairTests.xctest */;
			productType = "com.apple.product-type.bundle.unit-test";
		};
/* End PBXNativeTarget section */

/* Begin PBXProject section */
		32E1D1D81F71B87200FFEB0F /* Project object */ = {
			isa = PBXProject;
			attributes = {
				LastSwiftUpdateCheck = 0900;
				LastUpgradeCheck = 0900;
				ORGANIZATIONNAME = fair;
				TargetAttributes = {
					32E1D1DF1F71B87200FFEB0F = {
						CreatedOnToolsVersion = 9.0;
						ProvisioningStyle = Automatic;
					};
					32E1D1F51F71B87300FFEB0F = {
						CreatedOnToolsVersion = 9.0;
						ProvisioningStyle = Automatic;
						TestTargetID = 32E1D1DF1F71B87200FFEB0F;
					};
				};
			};
			buildConfigurationList = 32E1D1DB1F71B87200FFEB0F /* Build configuration list for PBXProject "fair" */;
			compatibilityVersion = "Xcode 8.0";
			developmentRegion = en;
			hasScannedForEncodings = 0;
			knownRegions = (
				en,
				Base,
			);
			mainGroup = 32E1D1D71F71B87200FFEB0F;
			productRefGroup = 32E1D1E11F71B87200FFEB0F /* Products */;
			projectDirPath = "";
			projectRoot = "";
			targets = (
				32E1D1DF1F71B87200FFEB0F /* fair */,
				32E1D1F51F71B87300FFEB0F /* fairTests */,
			);
		};
/* End PBXProject section */

/* Begin PBXResourcesBuildPhase section */
		32E1D1DE1F71B87200FFEB0F /* Resources */ = {
			isa = PBXResourcesBuildPhase;
			buildActionMask = 2147483647;
			files = (
				32E1D1F01F71B87200FFEB0F /* LaunchScreen.storyboard in Resources */,
				32E1D1ED1F71B87200FFEB0F /* Assets.xcassets in Resources */,
				32A622811F71BF4A00B36D4E /* CarCell.xib in Resources */,
				32E1D1EB1F71B87200FFEB0F /* Main.storyboard in Resources */,
			);
			runOnlyForDeploymentPostprocessing = 0;
		};
		32E1D1F41F71B87300FFEB0F /* Resources */ = {
			isa = PBXResourcesBuildPhase;
			buildActionMask = 2147483647;
			files = (
				3218F2A21F71D80300707EA9 /* Honda.json in Resources */,
				3218F2A11F71D80300707EA9 /* Honda_Accord.json in Resources */,
			);
			runOnlyForDeploymentPostprocessing = 0;
		};
/* End PBXResourcesBuildPhase section */

/* Begin PBXShellScriptBuildPhase section */
		2C41C7E8942D2CE98A88767D /* [CP] Embed Pods Frameworks */ = {
			isa = PBXShellScriptBuildPhase;
			buildActionMask = 2147483647;
			files = (
			);
			inputPaths = (
			);
			name = "[CP] Embed Pods Frameworks";
			outputPaths = (
			);
			runOnlyForDeploymentPostprocessing = 0;
			shellPath = /bin/sh;
			shellScript = "\"${SRCROOT}/Pods/Target Support Files/Pods-fairTests/Pods-fairTests-frameworks.sh\"\n";
			showEnvVarsInLog = 0;
		};
		5BC6F2F947A99E9A3CF74766 /* [CP] Copy Pods Resources */ = {
			isa = PBXShellScriptBuildPhase;
			buildActionMask = 2147483647;
			files = (
			);
			inputPaths = (
			);
			name = "[CP] Copy Pods Resources";
			outputPaths = (
			);
			runOnlyForDeploymentPostprocessing = 0;
			shellPath = /bin/sh;
			shellScript = "\"${SRCROOT}/Pods/Target Support Files/Pods-fair/Pods-fair-resources.sh\"\n";
			showEnvVarsInLog = 0;
		};
		8E131C361C77976F553EE825 /* [CP] Check Pods Manifest.lock */ = {
			isa = PBXShellScriptBuildPhase;
			buildActionMask = 2147483647;
			files = (
			);
			inputPaths = (
				"${PODS_PODFILE_DIR_PATH}/Podfile.lock",
				"${PODS_ROOT}/Manifest.lock",
			);
			name = "[CP] Check Pods Manifest.lock";
			outputPaths = (
				"$(DERIVED_FILE_DIR)/Pods-fairTests-checkManifestLockResult.txt",
			);
			runOnlyForDeploymentPostprocessing = 0;
			shellPath = /bin/sh;
			shellScript = "diff \"${PODS_PODFILE_DIR_PATH}/Podfile.lock\" \"${PODS_ROOT}/Manifest.lock\" > /dev/null\nif [ $? != 0 ] ; then\n    # print error to STDERR\n    echo \"error: The sandbox is not in sync with the Podfile.lock. Run 'pod install' or update your CocoaPods installation.\" >&2\n    exit 1\nfi\n# This output is used by Xcode 'outputs' to avoid re-running this script phase.\necho \"SUCCESS\" > \"${SCRIPT_OUTPUT_FILE_0}\"\n";
			showEnvVarsInLog = 0;
		};
		B46B5B34C50E3E034CC00488 /* [CP] Copy Pods Resources */ = {
			isa = PBXShellScriptBuildPhase;
			buildActionMask = 2147483647;
			files = (
			);
			inputPaths = (
			);
			name = "[CP] Copy Pods Resources";
			outputPaths = (
			);
			runOnlyForDeploymentPostprocessing = 0;
			shellPath = /bin/sh;
			shellScript = "\"${SRCROOT}/Pods/Target Support Files/Pods-fairTests/Pods-fairTests-resources.sh\"\n";
			showEnvVarsInLog = 0;
		};
		DF8B72EA519B4850399AB1A2 /* [CP] Embed Pods Frameworks */ = {
			isa = PBXShellScriptBuildPhase;
			buildActionMask = 2147483647;
			files = (
			);
			inputPaths = (
				"${SRCROOT}/Pods/Target Support Files/Pods-fair/Pods-fair-frameworks.sh",
				"${BUILT_PRODUCTS_DIR}/Alamofire/Alamofire.framework",
				"${BUILT_PRODUCTS_DIR}/PureLayout/PureLayout.framework",
				"${BUILT_PRODUCTS_DIR}/SwiftyJSON/SwiftyJSON.framework",
			);
			name = "[CP] Embed Pods Frameworks";
			outputPaths = (
				"${TARGET_BUILD_DIR}/${FRAMEWORKS_FOLDER_PATH}/Alamofire.framework",
				"${TARGET_BUILD_DIR}/${FRAMEWORKS_FOLDER_PATH}/PureLayout.framework",
				"${TARGET_BUILD_DIR}/${FRAMEWORKS_FOLDER_PATH}/SwiftyJSON.framework",
			);
			runOnlyForDeploymentPostprocessing = 0;
			shellPath = /bin/sh;
			shellScript = "\"${SRCROOT}/Pods/Target Support Files/Pods-fair/Pods-fair-frameworks.sh\"\n";
			showEnvVarsInLog = 0;
		};
		FC022C7F4918A4DE77828EF7 /* [CP] Check Pods Manifest.lock */ = {
			isa = PBXShellScriptBuildPhase;
			buildActionMask = 2147483647;
			files = (
			);
			inputPaths = (
				"${PODS_PODFILE_DIR_PATH}/Podfile.lock",
				"${PODS_ROOT}/Manifest.lock",
			);
			name = "[CP] Check Pods Manifest.lock";
			outputPaths = (
				"$(DERIVED_FILE_DIR)/Pods-fair-checkManifestLockResult.txt",
			);
			runOnlyForDeploymentPostprocessing = 0;
			shellPath = /bin/sh;
			shellScript = "diff \"${PODS_PODFILE_DIR_PATH}/Podfile.lock\" \"${PODS_ROOT}/Manifest.lock\" > /dev/null\nif [ $? != 0 ] ; then\n    # print error to STDERR\n    echo \"error: The sandbox is not in sync with the Podfile.lock. Run 'pod install' or update your CocoaPods installation.\" >&2\n    exit 1\nfi\n# This output is used by Xcode 'outputs' to avoid re-running this script phase.\necho \"SUCCESS\" > \"${SCRIPT_OUTPUT_FILE_0}\"\n";
			showEnvVarsInLog = 0;
		};
/* End PBXShellScriptBuildPhase section */

/* Begin PBXSourcesBuildPhase section */
		32E1D1DC1F71B87200FFEB0F /* Sources */ = {
			isa = PBXSourcesBuildPhase;
			buildActionMask = 2147483647;
			files = (
				32E1D1E81F71B87200FFEB0F /* FavoriteCarsViewConrtroller.swift in Sources */,
				32E1D1E41F71B87200FFEB0F /* AppDelegate.swift in Sources */,
				32A622801F71BF4A00B36D4E /* CarCell.swift in Sources */,
				3218F2A41F71D8F500707EA9 /* Models.swift in Sources */,
				32E1D1E61F71B87200FFEB0F /* FindCarsViewController.swift in Sources */,
				32A622831F71CC5C00B36D4E /* API.swift in Sources */,
			);
			runOnlyForDeploymentPostprocessing = 0;
		};
		32E1D1F21F71B87300FFEB0F /* Sources */ = {
			isa = PBXSourcesBuildPhase;
			buildActionMask = 2147483647;
			files = (
				32E1D1FB1F71B87300FFEB0F /* fairTests.swift in Sources */,
			);
			runOnlyForDeploymentPostprocessing = 0;
		};
/* End PBXSourcesBuildPhase section */

/* Begin PBXTargetDependency section */
		32E1D1F81F71B87300FFEB0F /* PBXTargetDependency */ = {
			isa = PBXTargetDependency;
			target = 32E1D1DF1F71B87200FFEB0F /* fair */;
			targetProxy = 32E1D1F71F71B87300FFEB0F /* PBXContainerItemProxy */;
		};
/* End PBXTargetDependency section */

/* Begin PBXVariantGroup section */
		32E1D1E91F71B87200FFEB0F /* Main.storyboard */ = {
			isa = PBXVariantGroup;
			children = (
				32E1D1EA1F71B87200FFEB0F /* Base */,
			);
			name = Main.storyboard;
			sourceTree = "<group>";
		};
		32E1D1EE1F71B87200FFEB0F /* LaunchScreen.storyboard */ = {
			isa = PBXVariantGroup;
			children = (
				32E1D1EF1F71B87200FFEB0F /* Base */,
			);
			name = LaunchScreen.storyboard;
			sourceTree = "<group>";
		};
/* End PBXVariantGroup section */

/* Begin XCBuildConfiguration section */
		32E1D1FD1F71B87300FFEB0F /* Debug */ = {
			isa = XCBuildConfiguration;
			buildSettings = {
				ALWAYS_SEARCH_USER_PATHS = NO;
				CLANG_ANALYZER_NONNULL = YES;
				CLANG_ANALYZER_NUMBER_OBJECT_CONVERSION = YES_AGGRESSIVE;
				CLANG_CXX_LANGUAGE_STANDARD = "gnu++14";
				CLANG_CXX_LIBRARY = "libc++";
				CLANG_ENABLE_MODULES = YES;
				CLANG_ENABLE_OBJC_ARC = YES;
				CLANG_WARN_BLOCK_CAPTURE_AUTORELEASING = YES;
				CLANG_WARN_BOOL_CONVERSION = YES;
				CLANG_WARN_COMMA = YES;
				CLANG_WARN_CONSTANT_CONVERSION = YES;
				CLANG_WARN_DIRECT_OBJC_ISA_USAGE = YES_ERROR;
				CLANG_WARN_DOCUMENTATION_COMMENTS = YES;
				CLANG_WARN_EMPTY_BODY = YES;
				CLANG_WARN_ENUM_CONVERSION = YES;
				CLANG_WARN_INFINITE_RECURSION = YES;
				CLANG_WARN_INT_CONVERSION = YES;
				CLANG_WARN_NON_LITERAL_NULL_CONVERSION = YES;
				CLANG_WARN_OBJC_LITERAL_CONVERSION = YES;
				CLANG_WARN_OBJC_ROOT_CLASS = YES_ERROR;
				CLANG_WARN_RANGE_LOOP_ANALYSIS = YES;
				CLANG_WARN_STRICT_PROTOTYPES = YES;
				CLANG_WARN_SUSPICIOUS_MOVE = YES;
				CLANG_WARN_UNGUARDED_AVAILABILITY = YES_AGGRESSIVE;
				CLANG_WARN_UNREACHABLE_CODE = YES;
				CLANG_WARN__DUPLICATE_METHOD_MATCH = YES;
				CODE_SIGN_IDENTITY = "iPhone Developer";
				COPY_PHASE_STRIP = NO;
				DEBUG_INFORMATION_FORMAT = dwarf;
				ENABLE_STRICT_OBJC_MSGSEND = YES;
				ENABLE_TESTABILITY = YES;
				GCC_C_LANGUAGE_STANDARD = gnu11;
				GCC_DYNAMIC_NO_PIC = NO;
				GCC_NO_COMMON_BLOCKS = YES;
				GCC_OPTIMIZATION_LEVEL = 0;
				GCC_PREPROCESSOR_DEFINITIONS = (
					"DEBUG=1",
					"$(inherited)",
				);
				GCC_WARN_64_TO_32_BIT_CONVERSION = YES;
				GCC_WARN_ABOUT_RETURN_TYPE = YES_ERROR;
				GCC_WARN_UNDECLARED_SELECTOR = YES;
				GCC_WARN_UNINITIALIZED_AUTOS = YES_AGGRESSIVE;
				GCC_WARN_UNUSED_FUNCTION = YES;
				GCC_WARN_UNUSED_VARIABLE = YES;
				IPHONEOS_DEPLOYMENT_TARGET = 10.3;
				MTL_ENABLE_DEBUG_INFO = YES;
				ONLY_ACTIVE_ARCH = YES;
				SDKROOT = iphoneos;
				SWIFT_ACTIVE_COMPILATION_CONDITIONS = DEBUG;
				SWIFT_OPTIMIZATION_LEVEL = "-Onone";
			};
			name = Debug;
		};
		32E1D1FE1F71B87300FFEB0F /* Release */ = {
			isa = XCBuildConfiguration;
			buildSettings = {
				ALWAYS_SEARCH_USER_PATHS = NO;
				CLANG_ANALYZER_NONNULL = YES;
				CLANG_ANALYZER_NUMBER_OBJECT_CONVERSION = YES_AGGRESSIVE;
				CLANG_CXX_LANGUAGE_STANDARD = "gnu++14";
				CLANG_CXX_LIBRARY = "libc++";
				CLANG_ENABLE_MODULES = YES;
				CLANG_ENABLE_OBJC_ARC = YES;
				CLANG_WARN_BLOCK_CAPTURE_AUTORELEASING = YES;
				CLANG_WARN_BOOL_CONVERSION = YES;
				CLANG_WARN_COMMA = YES;
				CLANG_WARN_CONSTANT_CONVERSION = YES;
				CLANG_WARN_DIRECT_OBJC_ISA_USAGE = YES_ERROR;
				CLANG_WARN_DOCUMENTATION_COMMENTS = YES;
				CLANG_WARN_EMPTY_BODY = YES;
				CLANG_WARN_ENUM_CONVERSION = YES;
				CLANG_WARN_INFINITE_RECURSION = YES;
				CLANG_WARN_INT_CONVERSION = YES;
				CLANG_WARN_NON_LITERAL_NULL_CONVERSION = YES;
				CLANG_WARN_OBJC_LITERAL_CONVERSION = YES;
				CLANG_WARN_OBJC_ROOT_CLASS = YES_ERROR;
				CLANG_WARN_RANGE_LOOP_ANALYSIS = YES;
				CLANG_WARN_STRICT_PROTOTYPES = YES;
				CLANG_WARN_SUSPICIOUS_MOVE = YES;
				CLANG_WARN_UNGUARDED_AVAILABILITY = YES_AGGRESSIVE;
				CLANG_WARN_UNREACHABLE_CODE = YES;
				CLANG_WARN__DUPLICATE_METHOD_MATCH = YES;
				CODE_SIGN_IDENTITY = "iPhone Developer";
				COPY_PHASE_STRIP = NO;
				DEBUG_INFORMATION_FORMAT = "dwarf-with-dsym";
				ENABLE_NS_ASSERTIONS = NO;
				ENABLE_STRICT_OBJC_MSGSEND = YES;
				GCC_C_LANGUAGE_STANDARD = gnu11;
				GCC_NO_COMMON_BLOCKS = YES;
				GCC_WARN_64_TO_32_BIT_CONVERSION = YES;
				GCC_WARN_ABOUT_RETURN_TYPE = YES_ERROR;
				GCC_WARN_UNDECLARED_SELECTOR = YES;
				GCC_WARN_UNINITIALIZED_AUTOS = YES_AGGRESSIVE;
				GCC_WARN_UNUSED_FUNCTION = YES;
				GCC_WARN_UNUSED_VARIABLE = YES;
				IPHONEOS_DEPLOYMENT_TARGET = 10.3;
				MTL_ENABLE_DEBUG_INFO = NO;
				SDKROOT = iphoneos;
				SWIFT_OPTIMIZATION_LEVEL = "-Owholemodule";
				VALIDATE_PRODUCT = YES;
			};
			name = Release;
		};
		32E1D2001F71B87300FFEB0F /* Debug */ = {
			isa = XCBuildConfiguration;
			baseConfigurationReference = A362C29FE114CDC7FFC09713 /* Pods-fair.debug.xcconfig */;
			buildSettings = {
				ASSETCATALOG_COMPILER_APPICON_NAME = AppIcon;
				CODE_SIGN_STYLE = Automatic;
				DEVELOPMENT_TEAM = 3ELD98ZG8L;
				INFOPLIST_FILE = fair/Info.plist;
				LD_RUNPATH_SEARCH_PATHS = "$(inherited) @executable_path/Frameworks";
				PRODUCT_BUNDLE_IDENTIFIER = com.fair.fair;
				PRODUCT_NAME = "$(TARGET_NAME)";
				SWIFT_VERSION = 4.0;
				TARGETED_DEVICE_FAMILY = "1,2";
			};
			name = Debug;
		};
		32E1D2011F71B87300FFEB0F /* Release */ = {
			isa = XCBuildConfiguration;
			baseConfigurationReference = D31DA8D33D0A69B2703B927D /* Pods-fair.release.xcconfig */;
			buildSettings = {
				ASSETCATALOG_COMPILER_APPICON_NAME = AppIcon;
				CODE_SIGN_STYLE = Automatic;
				DEVELOPMENT_TEAM = 3ELD98ZG8L;
				INFOPLIST_FILE = fair/Info.plist;
				LD_RUNPATH_SEARCH_PATHS = "$(inherited) @executable_path/Frameworks";
				PRODUCT_BUNDLE_IDENTIFIER = com.fair.fair;
				PRODUCT_NAME = "$(TARGET_NAME)";
				SWIFT_VERSION = 4.0;
				TARGETED_DEVICE_FAMILY = "1,2";
			};
			name = Release;
		};
		32E1D2031F71B87300FFEB0F /* Debug */ = {
			isa = XCBuildConfiguration;
			baseConfigurationReference = EC466AEB3AA3F29C46E49408 /* Pods-fairTests.debug.xcconfig */;
			buildSettings = {
				ALWAYS_EMBED_SWIFT_STANDARD_LIBRARIES = YES;
				BUNDLE_LOADER = "$(TEST_HOST)";
				CODE_SIGN_STYLE = Automatic;
				DEVELOPMENT_TEAM = NRV566W2NP;
				INFOPLIST_FILE = fairTests/Info.plist;
				LD_RUNPATH_SEARCH_PATHS = "$(inherited) @executable_path/Frameworks @loader_path/Frameworks";
				PRODUCT_BUNDLE_IDENTIFIER = com.fair.fairTests;
				PRODUCT_NAME = "$(TARGET_NAME)";
				SWIFT_VERSION = 4.0;
				TARGETED_DEVICE_FAMILY = "1,2";
				TEST_HOST = "$(BUILT_PRODUCTS_DIR)/fair.app/fair";
			};
			name = Debug;
		};
		32E1D2041F71B87300FFEB0F /* Release */ = {
			isa = XCBuildConfiguration;
			baseConfigurationReference = 30EB70FBBD62053D638AF0DD /* Pods-fairTests.release.xcconfig */;
			buildSettings = {
				ALWAYS_EMBED_SWIFT_STANDARD_LIBRARIES = YES;
				BUNDLE_LOADER = "$(TEST_HOST)";
				CODE_SIGN_STYLE = Automatic;
				DEVELOPMENT_TEAM = NRV566W2NP;
				INFOPLIST_FILE = fairTests/Info.plist;
				LD_RUNPATH_SEARCH_PATHS = "$(inherited) @executable_path/Frameworks @loader_path/Frameworks";
				PRODUCT_BUNDLE_IDENTIFIER = com.fair.fairTests;
				PRODUCT_NAME = "$(TARGET_NAME)";
				SWIFT_VERSION = 4.0;
				TARGETED_DEVICE_FAMILY = "1,2";
				TEST_HOST = "$(BUILT_PRODUCTS_DIR)/fair.app/fair";
			};
			name = Release;
		};
/* End XCBuildConfiguration section */

/* Begin XCConfigurationList section */
		32E1D1DB1F71B87200FFEB0F /* Build configuration list for PBXProject "fair" */ = {
			isa = XCConfigurationList;
			buildConfigurations = (
				32E1D1FD1F71B87300FFEB0F /* Debug */,
				32E1D1FE1F71B87300FFEB0F /* Release */,
			);
			defaultConfigurationIsVisible = 0;
			defaultConfigurationName = Release;
		};
		32E1D1FF1F71B87300FFEB0F /* Build configuration list for PBXNativeTarget "fair" */ = {
			isa = XCConfigurationList;
			buildConfigurations = (
				32E1D2001F71B87300FFEB0F /* Debug */,
				32E1D2011F71B87300FFEB0F /* Release */,
			);
			defaultConfigurationIsVisible = 0;
			defaultConfigurationName = Release;
		};
		32E1D2021F71B87300FFEB0F /* Build configuration list for PBXNativeTarget "fairTests" */ = {
			isa = XCConfigurationList;
			buildConfigurations = (
				32E1D2031F71B87300FFEB0F /* Debug */,
				32E1D2041F71B87300FFEB0F /* Release */,
			);
			defaultConfigurationIsVisible = 0;
			defaultConfigurationName = Release;
		};
/* End XCConfigurationList section */
	};
	rootObject = 32E1D1D81F71B87200FFEB0F /* Project object */;
}
